
Microsoft Visual Studio Solution File, Format Version 12.00
# Visual Studio Version 17
VisualStudioVersion = 17.13.35931.197
MinimumVisualStudioVersion = 10.0.40219.1
Project("{2150E333-8FDC-42A3-9474-1A3956D46DE8}") = "src", "src", "{02EA681E-C7D8-13C7-8484-4AC65E1B71E8}"
EndProject
Project("{2150E333-8FDC-42A3-9474-1A3956D46DE8}") = "tests", "tests", "{FECCA1AE-06CB-4C68-B5A9-5F3D4B1F39C5}"
EndProject
Project("{2150E333-8FDC-42A3-9474-1A3956D46DE8}") = "Clients", "Clients", "{3D6B8794-9B69-4AEC-B964-F2A54BE4FA49}"
EndProject
Project("{2150E333-8FDC-42A3-9474-1A3956D46DE8}") = "Services", "Services", "{59081C6B-94E7-4960-885C-C36AD1C3F11F}"
EndProject
Project("{2150E333-8FDC-42A3-9474-1A3956D46DE8}") = "Shared", "Shared", "{09F6AAFB-4FAA-4A18-8681-A6DBC4E13A73}"
EndProject
Project("{2150E333-8FDC-42A3-9474-1A3956D46DE8}") = "Shared", "Shared", "{6E4CA1F1-9142-41B6-8772-066E0479B718}"
EndProject
Project("{FAE04EC0-301F-11D3-BF4B-00C04F79EFBC}") = "Shared.Security", "src\Services\Shared\Shared.Security\Shared.Security.csproj", "{5C856052-625F-4036-BCF6-E82D8B64814E}"
EndProject
Project("{FAE04EC0-301F-11D3-BF4B-00C04F79EFBC}") = "Shared.Messages", "src\Services\Shared\Shared.Messages\Shared.Messages.csproj", "{439F8AD3-DAC0-4360-9CF6-85333EB995F9}"
EndProject
Project("{FAE04EC0-301F-11D3-BF4B-00C04F79EFBC}") = "Shared.Options", "src\Services\Shared\Shared.Options\Shared.Options.csproj", "{8779B2E2-9E78-412C-8C9F-93A2DD20861B}"
EndProject
Project("{2150E333-8FDC-42A3-9474-1A3956D46DE8}") = "Auth", "Auth", "{EC2E97DE-9D23-47F5-B9A9-7D76F37C4CB4}"
EndProject
Project("{2150E333-8FDC-42A3-9474-1A3956D46DE8}") = "Attendance", "Attendance", "{4C92FF2C-ED90-4409-9B6B-0B6CF62444A9}"
EndProject
Project("{2150E333-8FDC-42A3-9474-1A3956D46DE8}") = "CostObject", "CostObject", "{328B5D9D-F5FE-4E17-B0D0-88D9C3EDFE9E}"
EndProject
Project("{2150E333-8FDC-42A3-9474-1A3956D46DE8}") = "Organization", "Organization", "{F9EB326C-4A57-413F-9B4E-411CF3453E97}"
EndProject
Project("{2150E333-8FDC-42A3-9474-1A3956D46DE8}") = "Planning", "Planning", "{6AB6E55A-1CBD-4642-ABE3-2EF4959BF57F}"
EndProject
Project("{2150E333-8FDC-42A3-9474-1A3956D46DE8}") = "TimeTracking", "TimeTracking", "{3C7CB777-667C-4DC9-B0BA-F58E8F237E9C}"
EndProject
Project("{2150E333-8FDC-42A3-9474-1A3956D46DE8}") = "Session", "Session", "{25C2C2DA-D50F-41BE-8A4A-1274A051ABF7}"
EndProject
Project("{2150E333-8FDC-42A3-9474-1A3956D46DE8}") = "Permission", "Permission", "{ABDFBA25-5355-49D6-ADD4-5BA3D854BA5D}"
EndProject
Project("{FAE04EC0-301F-11D3-BF4B-00C04F79EFBC}") = "Shared.AspNetCore", "src\Services\Shared\Shared.AspNetCore\Shared.AspNetCore.csproj", "{7E39217A-CF49-4C2C-94EE-0A490390B960}"
EndProject
Project("{2150E333-8FDC-42A3-9474-1A3956D46DE8}") = "Gateways", "Gateways", "{4D0A26CC-B427-48AB-9EE8-E824B58FB40B}"
EndProject
Project("{FAE04EC0-301F-11D3-BF4B-00C04F79EFBC}") = "ApiGateway", "src\Gateways\ApiGateway\ApiGateway.csproj", "{8B8A4413-59C2-45AA-8F6E-413E3C86B45B}"
EndProject
Project("{FAE04EC0-301F-11D3-BF4B-00C04F79EFBC}") = "Attendance.Domain", "src\Services\Attendance\Attendance.Domain\Attendance.Domain.csproj", "{E1227E5E-C275-4A1C-AD21-4C984BA2A0AD}"
EndProject
Project("{FAE04EC0-301F-11D3-BF4B-00C04F79EFBC}") = "Attendance.Application", "src\Services\Attendance\Attendance.Application\Attendance.Application.csproj", "{0E509C3C-37A4-44D0-BFA4-7FB61B65CA33}"
EndProject
Project("{FAE04EC0-301F-11D3-BF4B-00C04F79EFBC}") = "Attendance.Infrastructure", "src\Services\Attendance\Attendance.Infrastructure\Attendance.Infrastructure.csproj", "{E0900DBE-CC6B-4E0F-8ECB-1BE885F2B94A}"
EndProject
Project("{FAE04EC0-301F-11D3-BF4B-00C04F79EFBC}") = "Attendance.Api", "src\Services\Attendance\Attendance.Api\Attendance.Api.csproj", "{8F0E603E-B190-4667-95DE-0AA1667FAD6D}"
EndProject
Project("{FAE04EC0-301F-11D3-BF4B-00C04F79EFBC}") = "WpfClient", "src\Clients\WpfClient\WpfClient.csproj", "{4E89E8FB-20D0-44AE-82A6-59E36F1FFE08}"
EndProject
Project("{FAE04EC0-301F-11D3-BF4B-00C04F79EFBC}") = "Auth.Api", "src\Services\Auth\Auth.Api\Auth.Api.csproj", "{5CCAF41B-E6B4-4940-B154-E1EBAD4B6168}"
EndProject
Project("{FAE04EC0-301F-11D3-BF4B-00C04F79EFBC}") = "Auth.Domain", "src\Services\Auth\Auth.Domain\Auth.Domain.csproj", "{42A9B4C9-8723-43A8-81C3-2B4F1E1014AC}"
EndProject
Project("{FAE04EC0-301F-11D3-BF4B-00C04F79EFBC}") = "Auth.Application", "src\Services\Auth\Auth.Application\Auth.Application.csproj", "{C50B7447-988F-475C-85A3-E3A2F176F28F}"
EndProject
Project("{FAE04EC0-301F-11D3-BF4B-00C04F79EFBC}") = "Auth.Infrastructure", "src\Services\Auth\Auth.Infrastructure\Auth.Infrastructure.csproj", "{F7CDAA81-F371-461D-B799-5FB6F88C012C}"
EndProject
Project("{FAE04EC0-301F-11D3-BF4B-00C04F79EFBC}") = "CostObject.Domain", "src\Services\CostObject\CostObject.Domain\CostObject.Domain.csproj", "{1B56A5CB-CDB1-48B2-ADD0-A63044F488FF}"
EndProject
Project("{FAE04EC0-301F-11D3-BF4B-00C04F79EFBC}") = "CostObject.Application", "src\Services\CostObject\CostObject.Application\CostObject.Application.csproj", "{CFE7BA5C-5BE0-414E-B834-A4F0AFBD4364}"
EndProject
Project("{FAE04EC0-301F-11D3-BF4B-00C04F79EFBC}") = "CostObject.Infrastructure", "src\Services\CostObject\CostObject.Infrastructure\CostObject.Infrastructure.csproj", "{A18CB973-C31F-4C5F-93B1-940FAA50B797}"
EndProject
Project("{FAE04EC0-301F-11D3-BF4B-00C04F79EFBC}") = "CostObject.Api", "src\Services\CostObject\CostObject.Api\CostObject.Api.csproj", "{1634C11E-6E0B-4CE3-A4D0-8E05AC6A19CF}"
EndProject
Project("{FAE04EC0-301F-11D3-BF4B-00C04F79EFBC}") = "Organization.Api", "src\Services\Organization\Organization.Api\Organization.Api.csproj", "{30808DC2-143E-4588-B7D1-A183A9474601}"
EndProject
Project("{FAE04EC0-301F-11D3-BF4B-00C04F79EFBC}") = "Organization.Domain", "src\Services\Organization\Organization.Domain\Organization.Domain.csproj", "{BFD74614-BD91-4591-ABBC-19D4FBF08B21}"
EndProject
Project("{FAE04EC0-301F-11D3-BF4B-00C04F79EFBC}") = "Organization.Application", "src\Services\Organization\Organization.Application\Organization.Application.csproj", "{B8C40C24-E580-4614-A3F8-8B22E4AD9D69}"
EndProject
Project("{FAE04EC0-301F-11D3-BF4B-00C04F79EFBC}") = "Organization.Infrastructure", "src\Services\Organization\Organization.Infrastructure\Organization.Infrastructure.csproj", "{794240E5-FB11-4BB7-B632-48850D7101D0}"
EndProject
Project("{FAE04EC0-301F-11D3-BF4B-00C04F79EFBC}") = "Permission.Domain", "src\Services\Permission\Permission.Domain\Permission.Domain.csproj", "{EE537E2A-CC48-4CC6-AD70-23038DEF35E4}"
EndProject
Project("{FAE04EC0-301F-11D3-BF4B-00C04F79EFBC}") = "Permission.Application", "src\Services\Permission\Permission.Application\Permission.Application.csproj", "{D00A141E-54A8-4CFF-9903-1BA24CF22819}"
EndProject
Project("{FAE04EC0-301F-11D3-BF4B-00C04F79EFBC}") = "Permission.Infrastructure", "src\Services\Permission\Permission.Infrastructure\Permission.Infrastructure.csproj", "{A077E03B-4413-4504-AB59-EE37418D3E12}"
EndProject
Project("{FAE04EC0-301F-11D3-BF4B-00C04F79EFBC}") = "Permission.Api", "src\Services\Permission\Permission.Api\Permission.Api.csproj", "{D8676442-D63B-49B3-A8A6-A4E9FD551700}"
EndProject
Project("{FAE04EC0-301F-11D3-BF4B-00C04F79EFBC}") = "Planning.Api", "src\Services\Planning\Planning.Api\Planning.Api.csproj", "{196EB75F-2883-4E8F-BFED-6AD4CB54420F}"
EndProject
Project("{FAE04EC0-301F-11D3-BF4B-00C04F79EFBC}") = "Planning.Domain", "src\Services\Planning\Planning.Domain\Planning.Domain.csproj", "{5D9601E7-CD97-42EC-9ACD-7DE1A37E20D6}"
EndProject
Project("{FAE04EC0-301F-11D3-BF4B-00C04F79EFBC}") = "Planning.Application", "src\Services\Planning\Planning.Application\Planning.Application.csproj", "{6195A661-040B-4730-911A-6802434777CA}"
EndProject
Project("{FAE04EC0-301F-11D3-BF4B-00C04F79EFBC}") = "Planning.Infrastructure", "src\Services\Planning\Planning.Infrastructure\Planning.Infrastructure.csproj", "{2B7F5848-B6A7-4497-862F-A1E1103D0BA2}"
EndProject
Project("{FAE04EC0-301F-11D3-BF4B-00C04F79EFBC}") = "Session.Domain", "src\Services\Session\Session.Domain\Session.Domain.csproj", "{FC2B5DE2-5805-46C3-B537-E4202CF32661}"
EndProject
Project("{FAE04EC0-301F-11D3-BF4B-00C04F79EFBC}") = "Session.Application", "src\Services\Session\Session.Application\Session.Application.csproj", "{E59E4271-68AC-4FE2-B91A-B3DC2088D4F6}"
EndProject
Project("{FAE04EC0-301F-11D3-BF4B-00C04F79EFBC}") = "Session.Infrastructure", "src\Services\Session\Session.Infrastructure\Session.Infrastructure.csproj", "{2810DAC3-E3ED-4648-AB2D-698641FEACE0}"
EndProject
Project("{FAE04EC0-301F-11D3-BF4B-00C04F79EFBC}") = "Session.Api", "src\Services\Session\Session.Api\Session.Api.csproj", "{241F1259-0EF9-4C95-B524-CEB562F1E9D7}"
EndProject
Project("{FAE04EC0-301F-11D3-BF4B-00C04F79EFBC}") = "TimeTracking.Api", "src\Services\TimeTracking\TimeTracking.Api\TimeTracking.Api.csproj", "{070E4EEC-6959-4DFC-BB61-B714BA9A8E05}"
EndProject
Project("{FAE04EC0-301F-11D3-BF4B-00C04F79EFBC}") = "TimeTracking.Domain", "src\Services\TimeTracking\TimeTracking.Domain\TimeTracking.Domain.csproj", "{9373EEA1-4D23-47C0-A4AC-D2F543C5CE23}"
EndProject
Project("{FAE04EC0-301F-11D3-BF4B-00C04F79EFBC}") = "TimeTracking.Application", "src\Services\TimeTracking\TimeTracking.Application\TimeTracking.Application.csproj", "{77EFD033-4C54-4A86-8A5E-B3F84CE988A5}"
EndProject
Project("{FAE04EC0-301F-11D3-BF4B-00C04F79EFBC}") = "TimeTracking.Infrastructure", "src\Services\TimeTracking\TimeTracking.Infrastructure\TimeTracking.Infrastructure.csproj", "{BE9E134E-F431-4C03-8F4A-F0DE60EB4279}"
EndProject
Project("{FAE04EC0-301F-11D3-BF4B-00C04F79EFBC}") = "Auth.Contracts", "src\Shared\Auth.Contracts\Auth.Contracts.csproj", "{8067B918-A4EA-41D9-95D3-6A8D57671438}"
EndProject
Project("{FAE04EC0-301F-11D3-BF4B-00C04F79EFBC}") = "Attendance.Contracts", "src\Shared\Attendance.Contracts\Attendance.Contracts.csproj", "{482D7AC5-196A-485A-B74F-027644620ECF}"
EndProject
Project("{FAE04EC0-301F-11D3-BF4B-00C04F79EFBC}") = "CostObject.Contracts", "src\Shared\CostObject.Contracts\CostObject.Contracts.csproj", "{F0501491-03AE-4DD0-86F0-73C27975ED7D}"
EndProject
Project("{FAE04EC0-301F-11D3-BF4B-00C04F79EFBC}") = "Organization.Contracts", "src\Shared\Organization.Contracts\Organization.Contracts.csproj", "{9158B34B-6077-4395-BD1D-8E7509620E04}"
EndProject
Project("{FAE04EC0-301F-11D3-BF4B-00C04F79EFBC}") = "Permission.Contracts", "src\Shared\Permission.Contracts\Permission.Contracts.csproj", "{E15980C3-74B2-4206-8C79-74D4377CFD7B}"
EndProject
Project("{FAE04EC0-301F-11D3-BF4B-00C04F79EFBC}") = "Planning.Contracts", "src\Shared\Planning.Contracts\Planning.Contracts.csproj", "{4D905088-AE24-4ED8-94CF-051486264851}"
EndProject
Project("{FAE04EC0-301F-11D3-BF4B-00C04F79EFBC}") = "Session.Contracts", "src\Shared\Session.Contracts\Session.Contracts.csproj", "{78963C79-7365-4998-A777-9C00E2782C2F}"
EndProject
Project("{FAE04EC0-301F-11D3-BF4B-00C04F79EFBC}") = "TimeTracking.Contracts", "src\Shared\TimeTracking.Contracts\TimeTracking.Contracts.csproj", "{4F69077D-DF45-4240-A3FC-F842E126FE46}"
EndProject
Project("{FAE04EC0-301F-11D3-BF4B-00C04F79EFBC}") = "Shared.Domain", "src\Services\Shared\Shared.Domain\Shared.Domain.csproj", "{97736E60-264D-45A8-84A6-59BADD08F290}"
EndProject
Project("{FAE04EC0-301F-11D3-BF4B-00C04F79EFBC}") = "Shared.Application", "src\Services\Shared\Shared.Application\Shared.Application.csproj", "{506961CB-D1A0-4395-BBFB-591EA884B032}"
EndProject
Project("{FAE04EC0-301F-11D3-BF4B-00C04F79EFBC}") = "Shared.Infrastructure", "src\Services\Shared\Shared.Infrastructure\Shared.Infrastructure.csproj", "{B48425AE-45E0-4CDF-80A6-BD9492C7FEC4}"
EndProject
Project("{FAE04EC0-301F-11D3-BF4B-00C04F79EFBC}") = "Shared.Clients", "src\Services\Shared\Shared.Clients\Shared.Clients.csproj", "{4C95D0AC-9F59-45F9-B50E-82E9F62DBAEE}"
EndProject
Project("{FAE04EC0-301F-11D3-BF4B-00C04F79EFBC}") = "Shared.Enums", "src\Shared\Shared.Enums\Shared.Enums.csproj", "{EC80719C-047C-47F4-B545-40922B0E3C51}"
EndProject
Project("{2150E333-8FDC-42A3-9474-1A3956D46DE8}") = "Setup", "Setup", "{E1A619C3-E0C1-466A-855C-F07BFC8FC0B8}"
	ProjectSection(SolutionItems) = preProject
		Setup\setup.ps1 = Setup\setup.ps1
	EndProjectSection
EndProject
Project("{FAE04EC0-301F-11D3-BF4B-00C04F79EFBC}") = "InternalApiGateway", "src\Gateways\InternalApiGateway\InternalApiGateway.csproj", "{90C578BB-BB18-478D-B068-AC11D95FF5A5}"
EndProject
Project("{FAE04EC0-301F-11D3-BF4B-00C04F79EFBC}") = "Setup.Console", "Setup\Setup.Console\Setup.Console.csproj", "{7E892D56-BA11-4EF7-9A40-D4823A868FE9}"
EndProject
Project("{2150E333-8FDC-42A3-9474-1A3956D46DE8}") = "Services", "Services", "{75B52C81-BEB8-4EAA-A624-2CE6F7CEF811}"
EndProject
Project("{2150E333-8FDC-42A3-9474-1A3956D46DE8}") = "Auth", "Auth", "{BFFFB093-0426-4AF9-99BE-B0C388CED2CC}"
EndProject
Project("{FAE04EC0-301F-11D3-BF4B-00C04F79EFBC}") = "Auth.Domain.UnitTests", "tests\Services\Auth\Auth.Domain.UnitTests\Auth.Domain.UnitTests.csproj", "{9059707C-317F-4ED4-9FDA-571E9EA887B2}"
EndProject
Project("{FAE04EC0-301F-11D3-BF4B-00C04F79EFBC}") = "Auth.Application.UnitTests", "tests\Services\Auth\Auth.Application.UnitTests\Auth.Application.UnitTests.csproj", "{2ED72568-4FD5-4DCF-87A6-AB26922E7CD3}"
EndProject
Project("{FAE04EC0-301F-11D3-BF4B-00C04F79EFBC}") = "Auth.Application.IntegrationTests", "tests\Services\Auth\Auth.Application.IntegrationTests\Auth.Application.IntegrationTests.csproj", "{16367842-509B-4821-A778-E845309AA8AC}"
EndProject
Global
	GlobalSection(SolutionConfigurationPlatforms) = preSolution
		Debug|Any CPU = Debug|Any CPU
		Release|Any CPU = Release|Any CPU
	EndGlobalSection
	GlobalSection(ProjectConfigurationPlatforms) = postSolution
		{5C856052-625F-4036-BCF6-E82D8B64814E}.Debug|Any CPU.ActiveCfg = Debug|Any CPU
		{5C856052-625F-4036-BCF6-E82D8B64814E}.Debug|Any CPU.Build.0 = Debug|Any CPU
		{5C856052-625F-4036-BCF6-E82D8B64814E}.Release|Any CPU.ActiveCfg = Release|Any CPU
		{5C856052-625F-4036-BCF6-E82D8B64814E}.Release|Any CPU.Build.0 = Release|Any CPU
		{439F8AD3-DAC0-4360-9CF6-85333EB995F9}.Debug|Any CPU.ActiveCfg = Debug|Any CPU
		{439F8AD3-DAC0-4360-9CF6-85333EB995F9}.Debug|Any CPU.Build.0 = Debug|Any CPU
		{439F8AD3-DAC0-4360-9CF6-85333EB995F9}.Release|Any CPU.ActiveCfg = Release|Any CPU
		{439F8AD3-DAC0-4360-9CF6-85333EB995F9}.Release|Any CPU.Build.0 = Release|Any CPU
		{8779B2E2-9E78-412C-8C9F-93A2DD20861B}.Debug|Any CPU.ActiveCfg = Debug|Any CPU
		{8779B2E2-9E78-412C-8C9F-93A2DD20861B}.Debug|Any CPU.Build.0 = Debug|Any CPU
		{8779B2E2-9E78-412C-8C9F-93A2DD20861B}.Release|Any CPU.ActiveCfg = Release|Any CPU
		{8779B2E2-9E78-412C-8C9F-93A2DD20861B}.Release|Any CPU.Build.0 = Release|Any CPU
		{7E39217A-CF49-4C2C-94EE-0A490390B960}.Debug|Any CPU.ActiveCfg = Debug|Any CPU
		{7E39217A-CF49-4C2C-94EE-0A490390B960}.Debug|Any CPU.Build.0 = Debug|Any CPU
		{7E39217A-CF49-4C2C-94EE-0A490390B960}.Release|Any CPU.ActiveCfg = Release|Any CPU
		{7E39217A-CF49-4C2C-94EE-0A490390B960}.Release|Any CPU.Build.0 = Release|Any CPU
		{8B8A4413-59C2-45AA-8F6E-413E3C86B45B}.Debug|Any CPU.ActiveCfg = Debug|Any CPU
		{8B8A4413-59C2-45AA-8F6E-413E3C86B45B}.Debug|Any CPU.Build.0 = Debug|Any CPU
		{8B8A4413-59C2-45AA-8F6E-413E3C86B45B}.Release|Any CPU.ActiveCfg = Release|Any CPU
		{8B8A4413-59C2-45AA-8F6E-413E3C86B45B}.Release|Any CPU.Build.0 = Release|Any CPU
		{E1227E5E-C275-4A1C-AD21-4C984BA2A0AD}.Debug|Any CPU.ActiveCfg = Debug|Any CPU
		{E1227E5E-C275-4A1C-AD21-4C984BA2A0AD}.Debug|Any CPU.Build.0 = Debug|Any CPU
		{E1227E5E-C275-4A1C-AD21-4C984BA2A0AD}.Release|Any CPU.ActiveCfg = Release|Any CPU
		{E1227E5E-C275-4A1C-AD21-4C984BA2A0AD}.Release|Any CPU.Build.0 = Release|Any CPU
		{0E509C3C-37A4-44D0-BFA4-7FB61B65CA33}.Debug|Any CPU.ActiveCfg = Debug|Any CPU
		{0E509C3C-37A4-44D0-BFA4-7FB61B65CA33}.Debug|Any CPU.Build.0 = Debug|Any CPU
		{0E509C3C-37A4-44D0-BFA4-7FB61B65CA33}.Release|Any CPU.ActiveCfg = Release|Any CPU
		{0E509C3C-37A4-44D0-BFA4-7FB61B65CA33}.Release|Any CPU.Build.0 = Release|Any CPU
		{E0900DBE-CC6B-4E0F-8ECB-1BE885F2B94A}.Debug|Any CPU.ActiveCfg = Debug|Any CPU
		{E0900DBE-CC6B-4E0F-8ECB-1BE885F2B94A}.Debug|Any CPU.Build.0 = Debug|Any CPU
		{E0900DBE-CC6B-4E0F-8ECB-1BE885F2B94A}.Release|Any CPU.ActiveCfg = Release|Any CPU
		{E0900DBE-CC6B-4E0F-8ECB-1BE885F2B94A}.Release|Any CPU.Build.0 = Release|Any CPU
		{8F0E603E-B190-4667-95DE-0AA1667FAD6D}.Debug|Any CPU.ActiveCfg = Debug|Any CPU
		{8F0E603E-B190-4667-95DE-0AA1667FAD6D}.Debug|Any CPU.Build.0 = Debug|Any CPU
		{8F0E603E-B190-4667-95DE-0AA1667FAD6D}.Release|Any CPU.ActiveCfg = Release|Any CPU
		{8F0E603E-B190-4667-95DE-0AA1667FAD6D}.Release|Any CPU.Build.0 = Release|Any CPU
		{4E89E8FB-20D0-44AE-82A6-59E36F1FFE08}.Debug|Any CPU.ActiveCfg = Debug|Any CPU
		{4E89E8FB-20D0-44AE-82A6-59E36F1FFE08}.Debug|Any CPU.Build.0 = Debug|Any CPU
		{4E89E8FB-20D0-44AE-82A6-59E36F1FFE08}.Release|Any CPU.ActiveCfg = Release|Any CPU
		{4E89E8FB-20D0-44AE-82A6-59E36F1FFE08}.Release|Any CPU.Build.0 = Release|Any CPU
		{5CCAF41B-E6B4-4940-B154-E1EBAD4B6168}.Debug|Any CPU.ActiveCfg = Debug|Any CPU
		{5CCAF41B-E6B4-4940-B154-E1EBAD4B6168}.Debug|Any CPU.Build.0 = Debug|Any CPU
		{5CCAF41B-E6B4-4940-B154-E1EBAD4B6168}.Release|Any CPU.ActiveCfg = Release|Any CPU
		{5CCAF41B-E6B4-4940-B154-E1EBAD4B6168}.Release|Any CPU.Build.0 = Release|Any CPU
		{42A9B4C9-8723-43A8-81C3-2B4F1E1014AC}.Debug|Any CPU.ActiveCfg = Debug|Any CPU
		{42A9B4C9-8723-43A8-81C3-2B4F1E1014AC}.Debug|Any CPU.Build.0 = Debug|Any CPU
		{42A9B4C9-8723-43A8-81C3-2B4F1E1014AC}.Release|Any CPU.ActiveCfg = Release|Any CPU
		{42A9B4C9-8723-43A8-81C3-2B4F1E1014AC}.Release|Any CPU.Build.0 = Release|Any CPU
		{C50B7447-988F-475C-85A3-E3A2F176F28F}.Debug|Any CPU.ActiveCfg = Debug|Any CPU
		{C50B7447-988F-475C-85A3-E3A2F176F28F}.Debug|Any CPU.Build.0 = Debug|Any CPU
		{C50B7447-988F-475C-85A3-E3A2F176F28F}.Release|Any CPU.ActiveCfg = Release|Any CPU
		{C50B7447-988F-475C-85A3-E3A2F176F28F}.Release|Any CPU.Build.0 = Release|Any CPU
		{F7CDAA81-F371-461D-B799-5FB6F88C012C}.Debug|Any CPU.ActiveCfg = Debug|Any CPU
		{F7CDAA81-F371-461D-B799-5FB6F88C012C}.Debug|Any CPU.Build.0 = Debug|Any CPU
		{F7CDAA81-F371-461D-B799-5FB6F88C012C}.Release|Any CPU.ActiveCfg = Release|Any CPU
		{F7CDAA81-F371-461D-B799-5FB6F88C012C}.Release|Any CPU.Build.0 = Release|Any CPU
		{1B56A5CB-CDB1-48B2-ADD0-A63044F488FF}.Debug|Any CPU.ActiveCfg = Debug|Any CPU
		{1B56A5CB-CDB1-48B2-ADD0-A63044F488FF}.Debug|Any CPU.Build.0 = Debug|Any CPU
		{1B56A5CB-CDB1-48B2-ADD0-A63044F488FF}.Release|Any CPU.ActiveCfg = Release|Any CPU
		{1B56A5CB-CDB1-48B2-ADD0-A63044F488FF}.Release|Any CPU.Build.0 = Release|Any CPU
		{CFE7BA5C-5BE0-414E-B834-A4F0AFBD4364}.Debug|Any CPU.ActiveCfg = Debug|Any CPU
		{CFE7BA5C-5BE0-414E-B834-A4F0AFBD4364}.Debug|Any CPU.Build.0 = Debug|Any CPU
		{CFE7BA5C-5BE0-414E-B834-A4F0AFBD4364}.Release|Any CPU.ActiveCfg = Release|Any CPU
		{CFE7BA5C-5BE0-414E-B834-A4F0AFBD4364}.Release|Any CPU.Build.0 = Release|Any CPU
		{A18CB973-C31F-4C5F-93B1-940FAA50B797}.Debug|Any CPU.ActiveCfg = Debug|Any CPU
		{A18CB973-C31F-4C5F-93B1-940FAA50B797}.Debug|Any CPU.Build.0 = Debug|Any CPU
		{A18CB973-C31F-4C5F-93B1-940FAA50B797}.Release|Any CPU.ActiveCfg = Release|Any CPU
		{A18CB973-C31F-4C5F-93B1-940FAA50B797}.Release|Any CPU.Build.0 = Release|Any CPU
		{1634C11E-6E0B-4CE3-A4D0-8E05AC6A19CF}.Debug|Any CPU.ActiveCfg = Debug|Any CPU
		{1634C11E-6E0B-4CE3-A4D0-8E05AC6A19CF}.Debug|Any CPU.Build.0 = Debug|Any CPU
		{1634C11E-6E0B-4CE3-A4D0-8E05AC6A19CF}.Release|Any CPU.ActiveCfg = Release|Any CPU
		{1634C11E-6E0B-4CE3-A4D0-8E05AC6A19CF}.Release|Any CPU.Build.0 = Release|Any CPU
		{30808DC2-143E-4588-B7D1-A183A9474601}.Debug|Any CPU.ActiveCfg = Debug|Any CPU
		{30808DC2-143E-4588-B7D1-A183A9474601}.Debug|Any CPU.Build.0 = Debug|Any CPU
		{30808DC2-143E-4588-B7D1-A183A9474601}.Release|Any CPU.ActiveCfg = Release|Any CPU
		{30808DC2-143E-4588-B7D1-A183A9474601}.Release|Any CPU.Build.0 = Release|Any CPU
		{BFD74614-BD91-4591-ABBC-19D4FBF08B21}.Debug|Any CPU.ActiveCfg = Debug|Any CPU
		{BFD74614-BD91-4591-ABBC-19D4FBF08B21}.Debug|Any CPU.Build.0 = Debug|Any CPU
		{BFD74614-BD91-4591-ABBC-19D4FBF08B21}.Release|Any CPU.ActiveCfg = Release|Any CPU
		{BFD74614-BD91-4591-ABBC-19D4FBF08B21}.Release|Any CPU.Build.0 = Release|Any CPU
		{B8C40C24-E580-4614-A3F8-8B22E4AD9D69}.Debug|Any CPU.ActiveCfg = Debug|Any CPU
		{B8C40C24-E580-4614-A3F8-8B22E4AD9D69}.Debug|Any CPU.Build.0 = Debug|Any CPU
		{B8C40C24-E580-4614-A3F8-8B22E4AD9D69}.Release|Any CPU.ActiveCfg = Release|Any CPU
		{B8C40C24-E580-4614-A3F8-8B22E4AD9D69}.Release|Any CPU.Build.0 = Release|Any CPU
		{794240E5-FB11-4BB7-B632-48850D7101D0}.Debug|Any CPU.ActiveCfg = Debug|Any CPU
		{794240E5-FB11-4BB7-B632-48850D7101D0}.Debug|Any CPU.Build.0 = Debug|Any CPU
		{794240E5-FB11-4BB7-B632-48850D7101D0}.Release|Any CPU.ActiveCfg = Release|Any CPU
		{794240E5-FB11-4BB7-B632-48850D7101D0}.Release|Any CPU.Build.0 = Release|Any CPU
		{EE537E2A-CC48-4CC6-AD70-23038DEF35E4}.Debug|Any CPU.ActiveCfg = Debug|Any CPU
		{EE537E2A-CC48-4CC6-AD70-23038DEF35E4}.Debug|Any CPU.Build.0 = Debug|Any CPU
		{EE537E2A-CC48-4CC6-AD70-23038DEF35E4}.Release|Any CPU.ActiveCfg = Release|Any CPU
		{EE537E2A-CC48-4CC6-AD70-23038DEF35E4}.Release|Any CPU.Build.0 = Release|Any CPU
		{D00A141E-54A8-4CFF-9903-1BA24CF22819}.Debug|Any CPU.ActiveCfg = Debug|Any CPU
		{D00A141E-54A8-4CFF-9903-1BA24CF22819}.Debug|Any CPU.Build.0 = Debug|Any CPU
		{D00A141E-54A8-4CFF-9903-1BA24CF22819}.Release|Any CPU.ActiveCfg = Release|Any CPU
		{D00A141E-54A8-4CFF-9903-1BA24CF22819}.Release|Any CPU.Build.0 = Release|Any CPU
		{A077E03B-4413-4504-AB59-EE37418D3E12}.Debug|Any CPU.ActiveCfg = Debug|Any CPU
		{A077E03B-4413-4504-AB59-EE37418D3E12}.Debug|Any CPU.Build.0 = Debug|Any CPU
		{A077E03B-4413-4504-AB59-EE37418D3E12}.Release|Any CPU.ActiveCfg = Release|Any CPU
		{A077E03B-4413-4504-AB59-EE37418D3E12}.Release|Any CPU.Build.0 = Release|Any CPU
		{D8676442-D63B-49B3-A8A6-A4E9FD551700}.Debug|Any CPU.ActiveCfg = Debug|Any CPU
		{D8676442-D63B-49B3-A8A6-A4E9FD551700}.Debug|Any CPU.Build.0 = Debug|Any CPU
		{D8676442-D63B-49B3-A8A6-A4E9FD551700}.Release|Any CPU.ActiveCfg = Release|Any CPU
		{D8676442-D63B-49B3-A8A6-A4E9FD551700}.Release|Any CPU.Build.0 = Release|Any CPU
		{196EB75F-2883-4E8F-BFED-6AD4CB54420F}.Debug|Any CPU.ActiveCfg = Debug|Any CPU
		{196EB75F-2883-4E8F-BFED-6AD4CB54420F}.Debug|Any CPU.Build.0 = Debug|Any CPU
		{196EB75F-2883-4E8F-BFED-6AD4CB54420F}.Release|Any CPU.ActiveCfg = Release|Any CPU
		{196EB75F-2883-4E8F-BFED-6AD4CB54420F}.Release|Any CPU.Build.0 = Release|Any CPU
		{5D9601E7-CD97-42EC-9ACD-7DE1A37E20D6}.Debug|Any CPU.ActiveCfg = Debug|Any CPU
		{5D9601E7-CD97-42EC-9ACD-7DE1A37E20D6}.Debug|Any CPU.Build.0 = Debug|Any CPU
		{5D9601E7-CD97-42EC-9ACD-7DE1A37E20D6}.Release|Any CPU.ActiveCfg = Release|Any CPU
		{5D9601E7-CD97-42EC-9ACD-7DE1A37E20D6}.Release|Any CPU.Build.0 = Release|Any CPU
		{6195A661-040B-4730-911A-6802434777CA}.Debug|Any CPU.ActiveCfg = Debug|Any CPU
		{6195A661-040B-4730-911A-6802434777CA}.Debug|Any CPU.Build.0 = Debug|Any CPU
		{6195A661-040B-4730-911A-6802434777CA}.Release|Any CPU.ActiveCfg = Release|Any CPU
		{6195A661-040B-4730-911A-6802434777CA}.Release|Any CPU.Build.0 = Release|Any CPU
		{2B7F5848-B6A7-4497-862F-A1E1103D0BA2}.Debug|Any CPU.ActiveCfg = Debug|Any CPU
		{2B7F5848-B6A7-4497-862F-A1E1103D0BA2}.Debug|Any CPU.Build.0 = Debug|Any CPU
		{2B7F5848-B6A7-4497-862F-A1E1103D0BA2}.Release|Any CPU.ActiveCfg = Release|Any CPU
		{2B7F5848-B6A7-4497-862F-A1E1103D0BA2}.Release|Any CPU.Build.0 = Release|Any CPU
		{FC2B5DE2-5805-46C3-B537-E4202CF32661}.Debug|Any CPU.ActiveCfg = Debug|Any CPU
		{FC2B5DE2-5805-46C3-B537-E4202CF32661}.Debug|Any CPU.Build.0 = Debug|Any CPU
		{FC2B5DE2-5805-46C3-B537-E4202CF32661}.Release|Any CPU.ActiveCfg = Release|Any CPU
		{FC2B5DE2-5805-46C3-B537-E4202CF32661}.Release|Any CPU.Build.0 = Release|Any CPU
		{E59E4271-68AC-4FE2-B91A-B3DC2088D4F6}.Debug|Any CPU.ActiveCfg = Debug|Any CPU
		{E59E4271-68AC-4FE2-B91A-B3DC2088D4F6}.Debug|Any CPU.Build.0 = Debug|Any CPU
		{E59E4271-68AC-4FE2-B91A-B3DC2088D4F6}.Release|Any CPU.ActiveCfg = Release|Any CPU
		{E59E4271-68AC-4FE2-B91A-B3DC2088D4F6}.Release|Any CPU.Build.0 = Release|Any CPU
		{2810DAC3-E3ED-4648-AB2D-698641FEACE0}.Debug|Any CPU.ActiveCfg = Debug|Any CPU
		{2810DAC3-E3ED-4648-AB2D-698641FEACE0}.Debug|Any CPU.Build.0 = Debug|Any CPU
		{2810DAC3-E3ED-4648-AB2D-698641FEACE0}.Release|Any CPU.ActiveCfg = Release|Any CPU
		{2810DAC3-E3ED-4648-AB2D-698641FEACE0}.Release|Any CPU.Build.0 = Release|Any CPU
		{241F1259-0EF9-4C95-B524-CEB562F1E9D7}.Debug|Any CPU.ActiveCfg = Debug|Any CPU
		{241F1259-0EF9-4C95-B524-CEB562F1E9D7}.Debug|Any CPU.Build.0 = Debug|Any CPU
		{241F1259-0EF9-4C95-B524-CEB562F1E9D7}.Release|Any CPU.ActiveCfg = Release|Any CPU
		{241F1259-0EF9-4C95-B524-CEB562F1E9D7}.Release|Any CPU.Build.0 = Release|Any CPU
		{070E4EEC-6959-4DFC-BB61-B714BA9A8E05}.Debug|Any CPU.ActiveCfg = Debug|Any CPU
		{070E4EEC-6959-4DFC-BB61-B714BA9A8E05}.Debug|Any CPU.Build.0 = Debug|Any CPU
		{070E4EEC-6959-4DFC-BB61-B714BA9A8E05}.Release|Any CPU.ActiveCfg = Release|Any CPU
		{070E4EEC-6959-4DFC-BB61-B714BA9A8E05}.Release|Any CPU.Build.0 = Release|Any CPU
		{9373EEA1-4D23-47C0-A4AC-D2F543C5CE23}.Debug|Any CPU.ActiveCfg = Debug|Any CPU
		{9373EEA1-4D23-47C0-A4AC-D2F543C5CE23}.Debug|Any CPU.Build.0 = Debug|Any CPU
		{9373EEA1-4D23-47C0-A4AC-D2F543C5CE23}.Release|Any CPU.ActiveCfg = Release|Any CPU
		{9373EEA1-4D23-47C0-A4AC-D2F543C5CE23}.Release|Any CPU.Build.0 = Release|Any CPU
		{77EFD033-4C54-4A86-8A5E-B3F84CE988A5}.Debug|Any CPU.ActiveCfg = Debug|Any CPU
		{77EFD033-4C54-4A86-8A5E-B3F84CE988A5}.Debug|Any CPU.Build.0 = Debug|Any CPU
		{77EFD033-4C54-4A86-8A5E-B3F84CE988A5}.Release|Any CPU.ActiveCfg = Release|Any CPU
		{77EFD033-4C54-4A86-8A5E-B3F84CE988A5}.Release|Any CPU.Build.0 = Release|Any CPU
		{BE9E134E-F431-4C03-8F4A-F0DE60EB4279}.Debug|Any CPU.ActiveCfg = Debug|Any CPU
		{BE9E134E-F431-4C03-8F4A-F0DE60EB4279}.Debug|Any CPU.Build.0 = Debug|Any CPU
		{BE9E134E-F431-4C03-8F4A-F0DE60EB4279}.Release|Any CPU.ActiveCfg = Release|Any CPU
		{BE9E134E-F431-4C03-8F4A-F0DE60EB4279}.Release|Any CPU.Build.0 = Release|Any CPU
		{8067B918-A4EA-41D9-95D3-6A8D57671438}.Debug|Any CPU.ActiveCfg = Debug|Any CPU
		{8067B918-A4EA-41D9-95D3-6A8D57671438}.Debug|Any CPU.Build.0 = Debug|Any CPU
		{8067B918-A4EA-41D9-95D3-6A8D57671438}.Release|Any CPU.ActiveCfg = Release|Any CPU
		{8067B918-A4EA-41D9-95D3-6A8D57671438}.Release|Any CPU.Build.0 = Release|Any CPU
		{482D7AC5-196A-485A-B74F-027644620ECF}.Debug|Any CPU.ActiveCfg = Debug|Any CPU
		{482D7AC5-196A-485A-B74F-027644620ECF}.Debug|Any CPU.Build.0 = Debug|Any CPU
		{482D7AC5-196A-485A-B74F-027644620ECF}.Release|Any CPU.ActiveCfg = Release|Any CPU
		{482D7AC5-196A-485A-B74F-027644620ECF}.Release|Any CPU.Build.0 = Release|Any CPU
		{F0501491-03AE-4DD0-86F0-73C27975ED7D}.Debug|Any CPU.ActiveCfg = Debug|Any CPU
		{F0501491-03AE-4DD0-86F0-73C27975ED7D}.Debug|Any CPU.Build.0 = Debug|Any CPU
		{F0501491-03AE-4DD0-86F0-73C27975ED7D}.Release|Any CPU.ActiveCfg = Release|Any CPU
		{F0501491-03AE-4DD0-86F0-73C27975ED7D}.Release|Any CPU.Build.0 = Release|Any CPU
		{9158B34B-6077-4395-BD1D-8E7509620E04}.Debug|Any CPU.ActiveCfg = Debug|Any CPU
		{9158B34B-6077-4395-BD1D-8E7509620E04}.Debug|Any CPU.Build.0 = Debug|Any CPU
		{9158B34B-6077-4395-BD1D-8E7509620E04}.Release|Any CPU.ActiveCfg = Release|Any CPU
		{9158B34B-6077-4395-BD1D-8E7509620E04}.Release|Any CPU.Build.0 = Release|Any CPU
		{E15980C3-74B2-4206-8C79-74D4377CFD7B}.Debug|Any CPU.ActiveCfg = Debug|Any CPU
		{E15980C3-74B2-4206-8C79-74D4377CFD7B}.Debug|Any CPU.Build.0 = Debug|Any CPU
		{E15980C3-74B2-4206-8C79-74D4377CFD7B}.Release|Any CPU.ActiveCfg = Release|Any CPU
		{E15980C3-74B2-4206-8C79-74D4377CFD7B}.Release|Any CPU.Build.0 = Release|Any CPU
		{4D905088-AE24-4ED8-94CF-051486264851}.Debug|Any CPU.ActiveCfg = Debug|Any CPU
		{4D905088-AE24-4ED8-94CF-051486264851}.Debug|Any CPU.Build.0 = Debug|Any CPU
		{4D905088-AE24-4ED8-94CF-051486264851}.Release|Any CPU.ActiveCfg = Release|Any CPU
		{4D905088-AE24-4ED8-94CF-051486264851}.Release|Any CPU.Build.0 = Release|Any CPU
		{78963C79-7365-4998-A777-9C00E2782C2F}.Debug|Any CPU.ActiveCfg = Debug|Any CPU
		{78963C79-7365-4998-A777-9C00E2782C2F}.Debug|Any CPU.Build.0 = Debug|Any CPU
		{78963C79-7365-4998-A777-9C00E2782C2F}.Release|Any CPU.ActiveCfg = Release|Any CPU
		{78963C79-7365-4998-A777-9C00E2782C2F}.Release|Any CPU.Build.0 = Release|Any CPU
		{4F69077D-DF45-4240-A3FC-F842E126FE46}.Debug|Any CPU.ActiveCfg = Debug|Any CPU
		{4F69077D-DF45-4240-A3FC-F842E126FE46}.Debug|Any CPU.Build.0 = Debug|Any CPU
		{4F69077D-DF45-4240-A3FC-F842E126FE46}.Release|Any CPU.ActiveCfg = Release|Any CPU
		{4F69077D-DF45-4240-A3FC-F842E126FE46}.Release|Any CPU.Build.0 = Release|Any CPU
		{97736E60-264D-45A8-84A6-59BADD08F290}.Debug|Any CPU.ActiveCfg = Debug|Any CPU
		{97736E60-264D-45A8-84A6-59BADD08F290}.Debug|Any CPU.Build.0 = Debug|Any CPU
		{97736E60-264D-45A8-84A6-59BADD08F290}.Release|Any CPU.ActiveCfg = Release|Any CPU
		{97736E60-264D-45A8-84A6-59BADD08F290}.Release|Any CPU.Build.0 = Release|Any CPU
		{506961CB-D1A0-4395-BBFB-591EA884B032}.Debug|Any CPU.ActiveCfg = Debug|Any CPU
		{506961CB-D1A0-4395-BBFB-591EA884B032}.Debug|Any CPU.Build.0 = Debug|Any CPU
		{506961CB-D1A0-4395-BBFB-591EA884B032}.Release|Any CPU.ActiveCfg = Release|Any CPU
		{506961CB-D1A0-4395-BBFB-591EA884B032}.Release|Any CPU.Build.0 = Release|Any CPU
		{B48425AE-45E0-4CDF-80A6-BD9492C7FEC4}.Debug|Any CPU.ActiveCfg = Debug|Any CPU
		{B48425AE-45E0-4CDF-80A6-BD9492C7FEC4}.Debug|Any CPU.Build.0 = Debug|Any CPU
		{B48425AE-45E0-4CDF-80A6-BD9492C7FEC4}.Release|Any CPU.ActiveCfg = Release|Any CPU
		{B48425AE-45E0-4CDF-80A6-BD9492C7FEC4}.Release|Any CPU.Build.0 = Release|Any CPU
		{4C95D0AC-9F59-45F9-B50E-82E9F62DBAEE}.Debug|Any CPU.ActiveCfg = Debug|Any CPU
		{4C95D0AC-9F59-45F9-B50E-82E9F62DBAEE}.Debug|Any CPU.Build.0 = Debug|Any CPU
		{4C95D0AC-9F59-45F9-B50E-82E9F62DBAEE}.Release|Any CPU.ActiveCfg = Release|Any CPU
		{4C95D0AC-9F59-45F9-B50E-82E9F62DBAEE}.Release|Any CPU.Build.0 = Release|Any CPU
		{EC80719C-047C-47F4-B545-40922B0E3C51}.Debug|Any CPU.ActiveCfg = Debug|Any CPU
		{EC80719C-047C-47F4-B545-40922B0E3C51}.Debug|Any CPU.Build.0 = Debug|Any CPU
		{EC80719C-047C-47F4-B545-40922B0E3C51}.Release|Any CPU.ActiveCfg = Release|Any CPU
		{EC80719C-047C-47F4-B545-40922B0E3C51}.Release|Any CPU.Build.0 = Release|Any CPU
		{90C578BB-BB18-478D-B068-AC11D95FF5A5}.Debug|Any CPU.ActiveCfg = Debug|Any CPU
		{90C578BB-BB18-478D-B068-AC11D95FF5A5}.Debug|Any CPU.Build.0 = Debug|Any CPU
		{90C578BB-BB18-478D-B068-AC11D95FF5A5}.Release|Any CPU.ActiveCfg = Release|Any CPU
		{90C578BB-BB18-478D-B068-AC11D95FF5A5}.Release|Any CPU.Build.0 = Release|Any CPU
		{7E892D56-BA11-4EF7-9A40-D4823A868FE9}.Debug|Any CPU.ActiveCfg = Debug|Any CPU
		{7E892D56-BA11-4EF7-9A40-D4823A868FE9}.Debug|Any CPU.Build.0 = Debug|Any CPU
		{7E892D56-BA11-4EF7-9A40-D4823A868FE9}.Release|Any CPU.ActiveCfg = Release|Any CPU
		{7E892D56-BA11-4EF7-9A40-D4823A868FE9}.Release|Any CPU.Build.0 = Release|Any CPU
		{9059707C-317F-4ED4-9FDA-571E9EA887B2}.Debug|Any CPU.ActiveCfg = Debug|Any CPU
		{9059707C-317F-4ED4-9FDA-571E9EA887B2}.Debug|Any CPU.Build.0 = Debug|Any CPU
		{9059707C-317F-4ED4-9FDA-571E9EA887B2}.Release|Any CPU.ActiveCfg = Release|Any CPU
		{9059707C-317F-4ED4-9FDA-571E9EA887B2}.Release|Any CPU.Build.0 = Release|Any CPU
		{2ED72568-4FD5-4DCF-87A6-AB26922E7CD3}.Debug|Any CPU.ActiveCfg = Debug|Any CPU
		{2ED72568-4FD5-4DCF-87A6-AB26922E7CD3}.Debug|Any CPU.Build.0 = Debug|Any CPU
		{2ED72568-4FD5-4DCF-87A6-AB26922E7CD3}.Release|Any CPU.ActiveCfg = Release|Any CPU
		{2ED72568-4FD5-4DCF-87A6-AB26922E7CD3}.Release|Any CPU.Build.0 = Release|Any CPU
		{16367842-509B-4821-A778-E845309AA8AC}.Debug|Any CPU.ActiveCfg = Debug|Any CPU
		{16367842-509B-4821-A778-E845309AA8AC}.Debug|Any CPU.Build.0 = Debug|Any CPU
		{16367842-509B-4821-A778-E845309AA8AC}.Release|Any CPU.ActiveCfg = Release|Any CPU
		{16367842-509B-4821-A778-E845309AA8AC}.Release|Any CPU.Build.0 = Release|Any CPU
	EndGlobalSection
	GlobalSection(SolutionProperties) = preSolution
		HideSolutionNode = FALSE
	EndGlobalSection
	GlobalSection(NestedProjects) = preSolution
		{3D6B8794-9B69-4AEC-B964-F2A54BE4FA49} = {02EA681E-C7D8-13C7-8484-4AC65E1B71E8}
		{59081C6B-94E7-4960-885C-C36AD1C3F11F} = {02EA681E-C7D8-13C7-8484-4AC65E1B71E8}
		{09F6AAFB-4FAA-4A18-8681-A6DBC4E13A73} = {02EA681E-C7D8-13C7-8484-4AC65E1B71E8}
		{6E4CA1F1-9142-41B6-8772-066E0479B718} = {59081C6B-94E7-4960-885C-C36AD1C3F11F}
		{5C856052-625F-4036-BCF6-E82D8B64814E} = {6E4CA1F1-9142-41B6-8772-066E0479B718}
		{439F8AD3-DAC0-4360-9CF6-85333EB995F9} = {6E4CA1F1-9142-41B6-8772-066E0479B718}
		{8779B2E2-9E78-412C-8C9F-93A2DD20861B} = {6E4CA1F1-9142-41B6-8772-066E0479B718}
		{EC2E97DE-9D23-47F5-B9A9-7D76F37C4CB4} = {59081C6B-94E7-4960-885C-C36AD1C3F11F}
		{4C92FF2C-ED90-4409-9B6B-0B6CF62444A9} = {59081C6B-94E7-4960-885C-C36AD1C3F11F}
		{328B5D9D-F5FE-4E17-B0D0-88D9C3EDFE9E} = {59081C6B-94E7-4960-885C-C36AD1C3F11F}
		{F9EB326C-4A57-413F-9B4E-411CF3453E97} = {59081C6B-94E7-4960-885C-C36AD1C3F11F}
		{6AB6E55A-1CBD-4642-ABE3-2EF4959BF57F} = {59081C6B-94E7-4960-885C-C36AD1C3F11F}
		{3C7CB777-667C-4DC9-B0BA-F58E8F237E9C} = {59081C6B-94E7-4960-885C-C36AD1C3F11F}
		{25C2C2DA-D50F-41BE-8A4A-1274A051ABF7} = {59081C6B-94E7-4960-885C-C36AD1C3F11F}
		{ABDFBA25-5355-49D6-ADD4-5BA3D854BA5D} = {59081C6B-94E7-4960-885C-C36AD1C3F11F}
		{7E39217A-CF49-4C2C-94EE-0A490390B960} = {6E4CA1F1-9142-41B6-8772-066E0479B718}
		{4D0A26CC-B427-48AB-9EE8-E824B58FB40B} = {02EA681E-C7D8-13C7-8484-4AC65E1B71E8}
		{8B8A4413-59C2-45AA-8F6E-413E3C86B45B} = {4D0A26CC-B427-48AB-9EE8-E824B58FB40B}
		{E1227E5E-C275-4A1C-AD21-4C984BA2A0AD} = {4C92FF2C-ED90-4409-9B6B-0B6CF62444A9}
		{0E509C3C-37A4-44D0-BFA4-7FB61B65CA33} = {4C92FF2C-ED90-4409-9B6B-0B6CF62444A9}
		{E0900DBE-CC6B-4E0F-8ECB-1BE885F2B94A} = {4C92FF2C-ED90-4409-9B6B-0B6CF62444A9}
		{8F0E603E-B190-4667-95DE-0AA1667FAD6D} = {4C92FF2C-ED90-4409-9B6B-0B6CF62444A9}
		{4E89E8FB-20D0-44AE-82A6-59E36F1FFE08} = {3D6B8794-9B69-4AEC-B964-F2A54BE4FA49}
		{5CCAF41B-E6B4-4940-B154-E1EBAD4B6168} = {EC2E97DE-9D23-47F5-B9A9-7D76F37C4CB4}
		{42A9B4C9-8723-43A8-81C3-2B4F1E1014AC} = {EC2E97DE-9D23-47F5-B9A9-7D76F37C4CB4}
		{C50B7447-988F-475C-85A3-E3A2F176F28F} = {EC2E97DE-9D23-47F5-B9A9-7D76F37C4CB4}
		{F7CDAA81-F371-461D-B799-5FB6F88C012C} = {EC2E97DE-9D23-47F5-B9A9-7D76F37C4CB4}
		{1B56A5CB-CDB1-48B2-ADD0-A63044F488FF} = {328B5D9D-F5FE-4E17-B0D0-88D9C3EDFE9E}
		{CFE7BA5C-5BE0-414E-B834-A4F0AFBD4364} = {328B5D9D-F5FE-4E17-B0D0-88D9C3EDFE9E}
		{A18CB973-C31F-4C5F-93B1-940FAA50B797} = {328B5D9D-F5FE-4E17-B0D0-88D9C3EDFE9E}
		{1634C11E-6E0B-4CE3-A4D0-8E05AC6A19CF} = {328B5D9D-F5FE-4E17-B0D0-88D9C3EDFE9E}
		{30808DC2-143E-4588-B7D1-A183A9474601} = {F9EB326C-4A57-413F-9B4E-411CF3453E97}
		{BFD74614-BD91-4591-ABBC-19D4FBF08B21} = {F9EB326C-4A57-413F-9B4E-411CF3453E97}
		{B8C40C24-E580-4614-A3F8-8B22E4AD9D69} = {F9EB326C-4A57-413F-9B4E-411CF3453E97}
		{794240E5-FB11-4BB7-B632-48850D7101D0} = {F9EB326C-4A57-413F-9B4E-411CF3453E97}
		{EE537E2A-CC48-4CC6-AD70-23038DEF35E4} = {ABDFBA25-5355-49D6-ADD4-5BA3D854BA5D}
		{D00A141E-54A8-4CFF-9903-1BA24CF22819} = {ABDFBA25-5355-49D6-ADD4-5BA3D854BA5D}
		{A077E03B-4413-4504-AB59-EE37418D3E12} = {ABDFBA25-5355-49D6-ADD4-5BA3D854BA5D}
		{D8676442-D63B-49B3-A8A6-A4E9FD551700} = {ABDFBA25-5355-49D6-ADD4-5BA3D854BA5D}
		{196EB75F-2883-4E8F-BFED-6AD4CB54420F} = {6AB6E55A-1CBD-4642-ABE3-2EF4959BF57F}
		{5D9601E7-CD97-42EC-9ACD-7DE1A37E20D6} = {6AB6E55A-1CBD-4642-ABE3-2EF4959BF57F}
		{6195A661-040B-4730-911A-6802434777CA} = {6AB6E55A-1CBD-4642-ABE3-2EF4959BF57F}
		{2B7F5848-B6A7-4497-862F-A1E1103D0BA2} = {6AB6E55A-1CBD-4642-ABE3-2EF4959BF57F}
		{FC2B5DE2-5805-46C3-B537-E4202CF32661} = {25C2C2DA-D50F-41BE-8A4A-1274A051ABF7}
		{E59E4271-68AC-4FE2-B91A-B3DC2088D4F6} = {25C2C2DA-D50F-41BE-8A4A-1274A051ABF7}
		{2810DAC3-E3ED-4648-AB2D-698641FEACE0} = {25C2C2DA-D50F-41BE-8A4A-1274A051ABF7}
		{241F1259-0EF9-4C95-B524-CEB562F1E9D7} = {25C2C2DA-D50F-41BE-8A4A-1274A051ABF7}
		{070E4EEC-6959-4DFC-BB61-B714BA9A8E05} = {3C7CB777-667C-4DC9-B0BA-F58E8F237E9C}
		{9373EEA1-4D23-47C0-A4AC-D2F543C5CE23} = {3C7CB777-667C-4DC9-B0BA-F58E8F237E9C}
		{77EFD033-4C54-4A86-8A5E-B3F84CE988A5} = {3C7CB777-667C-4DC9-B0BA-F58E8F237E9C}
		{BE9E134E-F431-4C03-8F4A-F0DE60EB4279} = {3C7CB777-667C-4DC9-B0BA-F58E8F237E9C}
		{8067B918-A4EA-41D9-95D3-6A8D57671438} = {09F6AAFB-4FAA-4A18-8681-A6DBC4E13A73}
		{482D7AC5-196A-485A-B74F-027644620ECF} = {09F6AAFB-4FAA-4A18-8681-A6DBC4E13A73}
		{F0501491-03AE-4DD0-86F0-73C27975ED7D} = {09F6AAFB-4FAA-4A18-8681-A6DBC4E13A73}
		{9158B34B-6077-4395-BD1D-8E7509620E04} = {09F6AAFB-4FAA-4A18-8681-A6DBC4E13A73}
		{E15980C3-74B2-4206-8C79-74D4377CFD7B} = {09F6AAFB-4FAA-4A18-8681-A6DBC4E13A73}
		{4D905088-AE24-4ED8-94CF-051486264851} = {09F6AAFB-4FAA-4A18-8681-A6DBC4E13A73}
		{78963C79-7365-4998-A777-9C00E2782C2F} = {09F6AAFB-4FAA-4A18-8681-A6DBC4E13A73}
		{4F69077D-DF45-4240-A3FC-F842E126FE46} = {09F6AAFB-4FAA-4A18-8681-A6DBC4E13A73}
		{97736E60-264D-45A8-84A6-59BADD08F290} = {6E4CA1F1-9142-41B6-8772-066E0479B718}
		{506961CB-D1A0-4395-BBFB-591EA884B032} = {6E4CA1F1-9142-41B6-8772-066E0479B718}
		{B48425AE-45E0-4CDF-80A6-BD9492C7FEC4} = {6E4CA1F1-9142-41B6-8772-066E0479B718}
		{4C95D0AC-9F59-45F9-B50E-82E9F62DBAEE} = {6E4CA1F1-9142-41B6-8772-066E0479B718}
		{EC80719C-047C-47F4-B545-40922B0E3C51} = {09F6AAFB-4FAA-4A18-8681-A6DBC4E13A73}
		{90C578BB-BB18-478D-B068-AC11D95FF5A5} = {4D0A26CC-B427-48AB-9EE8-E824B58FB40B}
		{7E892D56-BA11-4EF7-9A40-D4823A868FE9} = {E1A619C3-E0C1-466A-855C-F07BFC8FC0B8}
		{75B52C81-BEB8-4EAA-A624-2CE6F7CEF811} = {FECCA1AE-06CB-4C68-B5A9-5F3D4B1F39C5}
		{BFFFB093-0426-4AF9-99BE-B0C388CED2CC} = {75B52C81-BEB8-4EAA-A624-2CE6F7CEF811}
		{9059707C-317F-4ED4-9FDA-571E9EA887B2} = {BFFFB093-0426-4AF9-99BE-B0C388CED2CC}
		{2ED72568-4FD5-4DCF-87A6-AB26922E7CD3} = {BFFFB093-0426-4AF9-99BE-B0C388CED2CC}
		{16367842-509B-4821-A778-E845309AA8AC} = {BFFFB093-0426-4AF9-99BE-B0C388CED2CC}
	EndGlobalSection
	GlobalSection(ExtensibilityGlobals) = postSolution
		SolutionGuid = {0261B63E-9288-4D6E-87D2-DA1B76188E7B}
	EndGlobalSection
EndGlobal
